<?xml version="1.0" encoding="utf-8"?>
<Project ToolsVersion="4.0" xmlns="http://schemas.microsoft.com/developer/msbuild/2003">
  <ItemGroup>
    <Filter Include="Source Files">
      <UniqueIdentifier>{4FC737F1-C7A5-4376-A066-2A32D752A2FF}</UniqueIdentifier>
      <Extensions>cpp;c;cc;cxx;c++;cppm;ixx;def;odl;idl;hpj;bat;asm;asmx</Extensions>
    </Filter>
    <Filter Include="Header Files">
      <UniqueIdentifier>{93995380-89BD-4b04-88EB-625FBE52EBFB}</UniqueIdentifier>
      <Extensions>h;hh;hpp;hxx;h++;hm;inl;inc;ipp;xsd</Extensions>
    </Filter>
    <Filter Include="Resource Files">
      <UniqueIdentifier>{67DA6AB6-F800-4c08-8B7A-83BB121AAD01}</UniqueIdentifier>
      <Extensions>rc;ico;cur;bmp;dlg;rc2;rct;bin;rgs;gif;jpg;jpeg;jpe;resx;tiff;tif;png;wav;mfcribbon-ms</Extensions>
    </Filter>
    <Filter Include="Source Files\SwapchainOptions">
      <UniqueIdentifier>{7eeca137-7e83-44d4-a3ce-e5a8f539838c}</UniqueIdentifier>
    </Filter>
    <Filter Include="Source Files\PipelineOptions">
      <UniqueIdentifier>{c931d8a0-bc2f-447a-a59b-f2094c639058}</UniqueIdentifier>
    </Filter>
    <Filter Include="Source Files\PipelineOptions\RenderPassOptions">
      <UniqueIdentifier>{a5612a91-8cb5-4244-83f1-c3a01bec7000}</UniqueIdentifier>
    </Filter>
    <Filter Include="Source Files\SynchronizationPrimitives">
      <UniqueIdentifier>{fa29b6ed-5327-4240-bb1a-5e8dee8c277e}</UniqueIdentifier>
    </Filter>
    <Filter Include="Source Files\Buffers">
      <UniqueIdentifier>{dbd0a1a5-9329-427c-a733-a7aaf469d989}</UniqueIdentifier>
    </Filter>
    <Filter Include="Source Files\Images">
      <UniqueIdentifier>{47ff51ff-2e11-43b8-986f-08956565f49c}</UniqueIdentifier>
    </Filter>
    <Filter Include="Resource Files\shaders">
      <UniqueIdentifier>{1b9c18ee-d3ae-4e50-bd28-33bf2d766a2d}</UniqueIdentifier>
    </Filter>
    <Filter Include="Resource Files\textures">
      <UniqueIdentifier>{74f917fc-83f2-43df-bccb-1565f74b7cad}</UniqueIdentifier>
    </Filter>
    <Filter Include="Source Files\DescriptorSetOptions">
      <UniqueIdentifier>{bb391eb2-8085-49a9-8a74-81c642ace6df}</UniqueIdentifier>
    </Filter>
    <Filter Include="Source Files\ModelLoaders">
      <UniqueIdentifier>{49e97a19-36e9-41c7-b10d-3a0b19432e5d}</UniqueIdentifier>
    </Filter>
    <Filter Include="Resource Files\models">
      <UniqueIdentifier>{bff82740-0c88-4559-8692-065f04e3ed3d}</UniqueIdentifier>
    </Filter>
  </ItemGroup>
  <ItemGroup>
    <ClInclude Include="src\Instance.h">
      <Filter>Source Files</Filter>
    </ClInclude>
    <ClInclude Include="src\VulkanException.h">
      <Filter>Source Files</Filter>
    </ClInclude>
    <ClInclude Include="src\Window.h">
      <Filter>Source Files</Filter>
    </ClInclude>
    <ClInclude Include="src\PhysicalDevice.h">
      <Filter>Source Files</Filter>
    </ClInclude>
    <ClInclude Include="src\LogicalDevice.h">
      <Filter>Source Files</Filter>
    </ClInclude>
    <ClInclude Include="src\Queue.h">
      <Filter>Source Files</Filter>
    </ClInclude>
    <ClInclude Include="src\WindowSurface.h">
      <Filter>Source Files</Filter>
    </ClInclude>
    <ClInclude Include="src\Swapchain.h">
      <Filter>Source Files</Filter>
    </ClInclude>
    <ClInclude Include="src\SwapchainCapabilities.h">
      <Filter>Source Files\SwapchainOptions</Filter>
    </ClInclude>
    <ClInclude Include="src\SwapchainPresentMode.h">
      <Filter>Source Files\SwapchainOptions</Filter>
    </ClInclude>
    <ClInclude Include="src\SwapchainSurfaceFormat.h">
      <Filter>Source Files\SwapchainOptions</Filter>
    </ClInclude>
    <ClInclude Include="src\ImageView.h">
      <Filter>Source Files</Filter>
    </ClInclude>
    <ClInclude Include="src\Pinball.h">
      <Filter>Source Files</Filter>
    </ClInclude>
    <ClInclude Include="src\QueueFamily.h">
      <Filter>Source Files</Filter>
    </ClInclude>
    <ClInclude Include="src\Attachment.h">
      <Filter>Source Files\PipelineOptions\RenderPassOptions</Filter>
    </ClInclude>
    <ClInclude Include="src\Subpass.h">
      <Filter>Source Files\PipelineOptions\RenderPassOptions</Filter>
    </ClInclude>
    <ClInclude Include="src\RenderPass.h">
      <Filter>Source Files\PipelineOptions</Filter>
    </ClInclude>
    <ClInclude Include="src\Shader.h">
      <Filter>Source Files\PipelineOptions</Filter>
    </ClInclude>
    <ClInclude Include="src\VertexInput.h">
      <Filter>Source Files\PipelineOptions</Filter>
    </ClInclude>
    <ClInclude Include="src\InputAssembly.h">
      <Filter>Source Files\PipelineOptions</Filter>
    </ClInclude>
    <ClInclude Include="src\Rasterizer.h">
      <Filter>Source Files\PipelineOptions</Filter>
    </ClInclude>
    <ClInclude Include="src\Multisampler.h">
      <Filter>Source Files\PipelineOptions</Filter>
    </ClInclude>
    <ClInclude Include="src\DepthStencil.h">
      <Filter>Source Files\PipelineOptions</Filter>
    </ClInclude>
    <ClInclude Include="src\AttachmentColorBlendingMode.h">
      <Filter>Source Files\PipelineOptions\RenderPassOptions</Filter>
    </ClInclude>
    <ClInclude Include="src\PipelineColorBlendingModes.h">
      <Filter>Source Files\PipelineOptions</Filter>
    </ClInclude>
    <ClInclude Include="src\PipelineLayout.h">
      <Filter>Source Files\PipelineOptions</Filter>
    </ClInclude>
    <ClInclude Include="src\DynamicState.h">
      <Filter>Source Files\PipelineOptions</Filter>
    </ClInclude>
    <ClInclude Include="src\Pipeline.h">
      <Filter>Source Files</Filter>
    </ClInclude>
    <ClInclude Include="src\Viewport.h">
      <Filter>Source Files\PipelineOptions</Filter>
    </ClInclude>
    <ClInclude Include="src\Framebuffer.h">
      <Filter>Source Files</Filter>
    </ClInclude>
    <ClInclude Include="src\CommandBufferPool.h">
      <Filter>Source Files</Filter>
    </ClInclude>
    <ClInclude Include="src\CommandBuffer.h">
      <Filter>Source Files</Filter>
    </ClInclude>
    <ClInclude Include="src\Drawer.h">
      <Filter>Source Files</Filter>
    </ClInclude>
    <ClInclude Include="src\Fence.h">
      <Filter>Source Files\SynchronizationPrimitives</Filter>
    </ClInclude>
    <ClInclude Include="src\Semaphore.h">
      <Filter>Source Files\SynchronizationPrimitives</Filter>
    </ClInclude>
    <ClInclude Include="src\VertexBuffer.h">
      <Filter>Source Files\Buffers</Filter>
    </ClInclude>
    <ClInclude Include="src\Buffer.h">
      <Filter>Source Files\Buffers</Filter>
    </ClInclude>
    <ClInclude Include="src\Model.h">
      <Filter>Source Files</Filter>
    </ClInclude>
    <ClInclude Include="src\IndexBuffer.h">
      <Filter>Source Files\Buffers</Filter>
    </ClInclude>
    <ClInclude Include="src\UniformBuffer.h">
      <Filter>Source Files\Buffers</Filter>
    </ClInclude>
    <ClInclude Include="src\StagingBuffer.h">
      <Filter>Source Files\Buffers</Filter>
    </ClInclude>
    <ClInclude Include="src\DepthImage.h">
      <Filter>Source Files\Images</Filter>
    </ClInclude>
    <ClInclude Include="src\Image.h">
      <Filter>Source Files\Images</Filter>
    </ClInclude>
    <ClInclude Include="src\TextureImage.h">
      <Filter>Source Files\Images</Filter>
    </ClInclude>
    <ClInclude Include="src\Barriers.h">
      <Filter>Source Files\SynchronizationPrimitives</Filter>
    </ClInclude>
    <ClInclude Include="src\TextureSampler.h">
      <Filter>Source Files</Filter>
    </ClInclude>
    <ClInclude Include="src\DescriptorSetPool.h">
      <Filter>Source Files\DescriptorSetOptions</Filter>
    </ClInclude>
    <ClInclude Include="src\DynamicSet.h">
      <Filter>Source Files\DescriptorSetOptions</Filter>
    </ClInclude>
    <ClInclude Include="src\DescriptorSet.h">
      <Filter>Source Files\DescriptorSetOptions</Filter>
    </ClInclude>
    <ClInclude Include="src\Set.h">
      <Filter>Source Files\DescriptorSetOptions</Filter>
    </ClInclude>
    <ClInclude Include="src\DescriptorSetBindingCreationInfo.h">
      <Filter>Source Files\DescriptorSetOptions</Filter>
    </ClInclude>
    <ClInclude Include="src\StaticSet.h">
      <Filter>Source Files\DescriptorSetOptions</Filter>
    </ClInclude>
    <ClInclude Include="src\ModelLoader.h">
      <Filter>Source Files\ModelLoaders</Filter>
    </ClInclude>
    <ClInclude Include="src\AnglesLiterals.h">
      <Filter>Resource Files</Filter>
    </ClInclude>
  </ItemGroup>
  <ItemGroup>
    <ClCompile Include="src\main.cpp">
      <Filter>Source Files</Filter>
    </ClCompile>
    <ClCompile Include="src\Swapchain.cpp">
      <Filter>Source Files</Filter>
    </ClCompile>
    <ClCompile Include="src\SwapchainCapabilities.cpp">
      <Filter>Source Files\SwapchainOptions</Filter>
    </ClCompile>
    <ClCompile Include="src\SwapchainPresentMode.cpp">
      <Filter>Source Files\SwapchainOptions</Filter>
    </ClCompile>
    <ClCompile Include="src\SwapchainSurfaceFormat.cpp">
      <Filter>Source Files\SwapchainOptions</Filter>
    </ClCompile>
    <ClCompile Include="src\ImageView.cpp">
      <Filter>Source Files</Filter>
    </ClCompile>
    <ClCompile Include="src\Instance.cpp">
      <Filter>Source Files</Filter>
    </ClCompile>
    <ClCompile Include="src\LogicalDevice.cpp">
      <Filter>Source Files</Filter>
    </ClCompile>
    <ClCompile Include="src\PhysicalDevice.cpp">
      <Filter>Source Files</Filter>
    </ClCompile>
    <ClCompile Include="src\Queue.cpp">
      <Filter>Source Files</Filter>
    </ClCompile>
    <ClCompile Include="src\WindowSurface.cpp">
      <Filter>Source Files</Filter>
    </ClCompile>
    <ClCompile Include="src\Window.cpp">
      <Filter>Source Files</Filter>
    </ClCompile>
    <ClCompile Include="src\Shader.cpp">
      <Filter>Source Files\PipelineOptions</Filter>
    </ClCompile>
    <ClCompile Include="src\CommandBufferPool.cpp">
      <Filter>Source Files</Filter>
    </ClCompile>
    <ClCompile Include="src\Image.cpp">
      <Filter>Source Files\Images</Filter>
    </ClCompile>
    <ClCompile Include="src\DescriptorSetBindingCreationInfo.cpp">
      <Filter>Source Files\DescriptorSetOptions</Filter>
    </ClCompile>
    <ClCompile Include="src\TextureImage.cpp">
      <Filter>Source Files\Images</Filter>
    </ClCompile>
    <ClCompile Include="src\ModelLoader.cpp">
      <Filter>Source Files\ModelLoaders</Filter>
    </ClCompile>
  </ItemGroup>
  <ItemGroup>
    <None Include="shaders\TestVert.vert">
      <Filter>Resource Files\shaders</Filter>
    </None>
    <None Include="shaders\TestFrag.frag">
      <Filter>Resource Files\shaders</Filter>
    </None>
    <None Include="shaders\BackgroundBoxShader.frag">
      <Filter>Resource Files\shaders</Filter>
    </None>
    <None Include="shaders\FragmentShader.frag">
      <Filter>Resource Files\shaders</Filter>
    </None>
    <None Include="shaders\BackgroundBoxShader.vert">
      <Filter>Resource Files\shaders</Filter>
    </None>
    <None Include="shaders\VertexShader.vert">
      <Filter>Resource Files\shaders</Filter>
    </None>
  </ItemGroup>
  <ItemGroup>
    <Image Include="textures\testTexture.jpg">
      <Filter>Resource Files\textures</Filter>
    </Image>
  </ItemGroup>
</Project>